
Microsoft Visual Studio Solution File, Format Version 12.00
# Visual Studio Version 16
VisualStudioVersion = 16.0.30907.101
MinimumVisualStudioVersion = 10.0.40219.1
Project("{9A19103F-16F7-4668-BE54-9A1E7A4F7556}") = "TeleHealth.Appointment-Service", "TeleHealth.Appointment-Service.csproj", "{0C3A3D47-AF6F-4CB9-BC03-8C5FA2E03EF5}"
EndProject
Project("{FAE04EC0-301F-11D3-BF4B-00C04F79EFBC}") = "Appointment-Service.DAL", "..\Appointment-Service.DAL\Appointment-Service.DAL.csproj", "{988C056F-F827-4625-B6B4-463386867DF8}"
EndProject
Global
	GlobalSection(SolutionConfigurationPlatforms) = preSolution
		Debug|Any CPU = Debug|Any CPU
		Release|Any CPU = Release|Any CPU
	EndGlobalSection
	GlobalSection(ProjectConfigurationPlatforms) = postSolution
		{0C3A3D47-AF6F-4CB9-BC03-8C5FA2E03EF5}.Debug|Any CPU.ActiveCfg = Debug|Any CPU
		{0C3A3D47-AF6F-4CB9-BC03-8C5FA2E03EF5}.Debug|Any CPU.Build.0 = Debug|Any CPU
		{0C3A3D47-AF6F-4CB9-BC03-8C5FA2E03EF5}.Release|Any CPU.ActiveCfg = Release|Any CPU
		{0C3A3D47-AF6F-4CB9-BC03-8C5FA2E03EF5}.Release|Any CPU.Build.0 = Release|Any CPU
		{988C056F-F827-4625-B6B4-463386867DF8}.Debug|Any CPU.ActiveCfg = Debug|Any CPU
		{988C056F-F827-4625-B6B4-463386867DF8}.Debug|Any CPU.Build.0 = Debug|Any CPU
		{988C056F-F827-4625-B6B4-463386867DF8}.Release|Any CPU.ActiveCfg = Release|Any CPU
		{988C056F-F827-4625-B6B4-463386867DF8}.Release|Any CPU.Build.0 = Release|Any CPU
	EndGlobalSection
	GlobalSection(SolutionProperties) = preSolution
		HideSolutionNode = FALSE
	EndGlobalSection
	GlobalSection(ExtensibilityGlobals) = postSolution
		SolutionGuid = {A0B06847-460A-4F49-842C-D2FF97AE1987}
	EndGlobalSection
EndGlobal
